
Microsoft Visual Studio Solution File, Format Version 12.00
# Visual Studio 15
VisualStudioVersion = 15.0.26403.0
MinimumVisualStudioVersion = 10.0.40219.1
Project("{FAE04EC0-301F-11D3-BF4B-00C04F79EFBC}") = "ViagemWeb", "ViagemWeb\ViagemWeb.csproj", "{21BCD10F-CC18-4B2B-ABCA-EE0DB2516E82}"
EndProject
Project("{FAE04EC0-301F-11D3-BF4B-00C04F79EFBC}") = "ViagemSeg", "ViagemSeg\ViagemSeg.csproj", "{E452FEE5-FDCE-4718-9F5A-AF7B59CC46BE}"
EndProject
Project("{FAE04EC0-301F-11D3-BF4B-00C04F79EFBC}") = "ViagemTest", "ViagemTest\ViagemTest.csproj", "{50BFFBB9-A109-4882-BECB-FAF7C4F24AFC}"
EndProject
Global
	GlobalSection(SolutionConfigurationPlatforms) = preSolution
		Debug|Any CPU = Debug|Any CPU
		Release|Any CPU = Release|Any CPU
	EndGlobalSection
	GlobalSection(ProjectConfigurationPlatforms) = postSolution
		{21BCD10F-CC18-4B2B-ABCA-EE0DB2516E82}.Debug|Any CPU.ActiveCfg = Debug|Any CPU
		{21BCD10F-CC18-4B2B-ABCA-EE0DB2516E82}.Debug|Any CPU.Build.0 = Debug|Any CPU
		{21BCD10F-CC18-4B2B-ABCA-EE0DB2516E82}.Release|Any CPU.ActiveCfg = Release|Any CPU
		{21BCD10F-CC18-4B2B-ABCA-EE0DB2516E82}.Release|Any CPU.Build.0 = Release|Any CPU
		{E452FEE5-FDCE-4718-9F5A-AF7B59CC46BE}.Debug|Any CPU.ActiveCfg = Debug|Any CPU
		{E452FEE5-FDCE-4718-9F5A-AF7B59CC46BE}.Debug|Any CPU.Build.0 = Debug|Any CPU
		{E452FEE5-FDCE-4718-9F5A-AF7B59CC46BE}.Release|Any CPU.ActiveCfg = Release|Any CPU
		{E452FEE5-FDCE-4718-9F5A-AF7B59CC46BE}.Release|Any CPU.Build.0 = Release|Any CPU
		{50BFFBB9-A109-4882-BECB-FAF7C4F24AFC}.Debug|Any CPU.ActiveCfg = Debug|Any CPU
		{50BFFBB9-A109-4882-BECB-FAF7C4F24AFC}.Debug|Any CPU.Build.0 = Debug|Any CPU
		{50BFFBB9-A109-4882-BECB-FAF7C4F24AFC}.Release|Any CPU.ActiveCfg = Release|Any CPU
		{50BFFBB9-A109-4882-BECB-FAF7C4F24AFC}.Release|Any CPU.Build.0 = Release|Any CPU
	EndGlobalSection
	GlobalSection(SolutionProperties) = preSolution
		HideSolutionNode = FALSE
	EndGlobalSection
	GlobalSection(ExtensibilityGlobals) = postSolution
		SolutionGuid = {86D59D83-6EBE-4B83-AB47-688004CDA383}
	EndGlobalSection
	GlobalSection(TeamFoundationVersionControl) = preSolution
		SccNumberOfProjects = 4
		SccEnterpriseProvider = {4CA58AB2-18FA-4F8D-95D4-32DDF27D184C}
		SccTeamFoundationServer = http://vsts:8080/tfssat/satcollection
		SccLocalPath0 = .
		SccProjectUniqueName1 = ViagemSeg\\ViagemSeg.csproj
		SccProjectName1 = ViagemSeg
		SccLocalPath1 = ViagemSeg
		SccProjectUniqueName2 = ViagemTest\\ViagemTest.csproj
		SccProjectName2 = ViagemTest
		SccLocalPath2 = ViagemTest
		SccProjectUniqueName3 = ViagemWeb\\ViagemWeb.csproj
		SccProjectName3 = ViagemWeb
		SccLocalPath3 = ViagemWeb
	EndGlobalSection
EndGlobal
